<?xml version="1.0" encoding="utf-8"?>
<Project ToolsVersion="4.0" xmlns="http://schemas.microsoft.com/developer/msbuild/2003">
  <ItemGroup>
    <Filter Include="Source Files">
      <UniqueIdentifier>{4FC737F1-C7A5-4376-A066-2A32D752A2FF}</UniqueIdentifier>
      <Extensions>cpp;c;cc;cxx;c++;cppm;ixx;def;odl;idl;hpj;bat;asm;asmx</Extensions>
    </Filter>
    <Filter Include="Header Files">
      <UniqueIdentifier>{93995380-89BD-4b04-88EB-625FBE52EBFB}</UniqueIdentifier>
      <Extensions>h;hh;hpp;hxx;h++;hm;inl;inc;ipp;xsd</Extensions>
    </Filter>
    <Filter Include="Resource Files">
      <UniqueIdentifier>{67DA6AB6-F800-4c08-8B7A-83BB121AAD01}</UniqueIdentifier>
      <Extensions>rc;ico;cur;bmp;dlg;rc2;rct;bin;rgs;gif;jpg;jpeg;jpe;resx;tiff;tif;png;wav;mfcribbon-ms</Extensions>
    </Filter>
  </ItemGroup>
  <ItemGroup>
    <ClCompile Include="src\Game.cpp">
      <Filter>Source Files</Filter>
    </ClCompile>
    <ClCompile Include="src\main.cpp">
      <Filter>Source Files</Filter>
    </ClCompile>
    <ClCompile Include="src\animations\MotionAnimation.cpp">
      <Filter>Source Files</Filter>
    </ClCompile>
    <ClCompile Include="src\map\HexMap.cpp">
      <Filter>Source Files</Filter>
    </ClCompile>
    <ClCompile Include="src\utility\Camera.cpp">
      <Filter>Source Files</Filter>
    </ClCompile>
    <ClCompile Include="src\utility\Vector2Int.cpp">
      <Filter>Source Files</Filter>
    </ClCompile>
    <ClCompile Include="src\game-objects\GameObjectManager.cpp">
      <Filter>Source Files</Filter>
    </ClCompile>
    <ClCompile Include="src\game-objects\Player.cpp">
      <Filter>Source Files</Filter>
    </ClCompile>
    <ClCompile Include="src\game-objects\Wall.cpp">
      <Filter>Source Files</Filter>
    </ClCompile>
    <ClCompile Include="src\perlin-noise\PerlinNoise.cpp">
      <Filter>Source Files</Filter>
    </ClCompile>
    <ClCompile Include="src\GUI\UIText.cpp">
      <Filter>Source Files</Filter>
    </ClCompile>
    <ClCompile Include="src\GUI\FontAsset.cpp">
      <Filter>Source Files</Filter>
    </ClCompile>
    <ClCompile Include="src\build-map\BuildMap.cpp">
      <Filter>Source Files</Filter>
    </ClCompile>
    <ClCompile Include="src\build-map\Blocks\BFun.cpp">
      <Filter>Source Files</Filter>
    </ClCompile>
    <ClCompile Include="src\build-map\Blocks\BCircle.cpp">
      <Filter>Source Files</Filter>
    </ClCompile>
    <ClCompile Include="src\build-map\Blocks\BBrick.cpp">
      <Filter>Source Files</Filter>
    </ClCompile>
    <ClCompile Include="src\build-map\Blocks\BWood.cpp">
      <Filter>Source Files</Filter>
    </ClCompile>
    <ClCompile Include="src\inventory\InventorySystem.cpp">
      <Filter>Source Files</Filter>
    </ClCompile>
    <ClCompile Include="src\GUI\UIInventory.cpp">
      <Filter>Source Files</Filter>
    </ClCompile>
    <ClCompile Include="src\inventory\InventoryItemData.cpp">
      <Filter>Source Files</Filter>
    </ClCompile>
    <ClCompile Include="src\utility\PoolObject.cpp">
      <Filter>Source Files</Filter>
    </ClCompile>
  </ItemGroup>
  <ItemGroup>
    <ClInclude Include="src\Game.h">
      <Filter>Header Files</Filter>
    </ClInclude>
    <ClInclude Include="src\animations\MotionAnimation.h">
      <Filter>Header Files</Filter>
    </ClInclude>
    <ClInclude Include="src\map\Chunk.h">
      <Filter>Header Files</Filter>
    </ClInclude>
    <ClInclude Include="src\map\HexMap.h">
      <Filter>Header Files</Filter>
    </ClInclude>
    <ClInclude Include="src\utility\Camera.h">
      <Filter>Header Files</Filter>
    </ClInclude>
    <ClInclude Include="src\utility\KeyboardHandler.h">
      <Filter>Header Files</Filter>
    </ClInclude>
    <ClInclude Include="src\utility\TextureManager.h">
      <Filter>Header Files</Filter>
    </ClInclude>
    <ClInclude Include="src\utility\Utilities.h">
      <Filter>Header Files</Filter>
    </ClInclude>
    <ClInclude Include="src\utility\Vector2Int.h">
      <Filter>Header Files</Filter>
    </ClInclude>
    <ClInclude Include="src\game-objects\GameObject.h">
      <Filter>Header Files</Filter>
    </ClInclude>
    <ClInclude Include="src\game-objects\GameObjectManager.h">
      <Filter>Header Files</Filter>
    </ClInclude>
    <ClInclude Include="src\game-objects\Player.h">
      <Filter>Header Files</Filter>
    </ClInclude>
    <ClInclude Include="src\game-objects\Wall.h">
      <Filter>Header Files</Filter>
    </ClInclude>
    <ClInclude Include="src\perlin-noise\PerlinNoise.h">
      <Filter>Header Files</Filter>
    </ClInclude>
    <ClInclude Include="src\GUI\GUI_Text.h">
      <Filter>Header Files</Filter>
    </ClInclude>
    <ClInclude Include="src\GUI\UIText.h">
      <Filter>Header Files</Filter>
    </ClInclude>
    <ClInclude Include="src\GUI\FontAsset.h">
      <Filter>Header Files</Filter>
    </ClInclude>
    <ClInclude Include="src\build-map\BuildMap.h">
      <Filter>Header Files</Filter>
    </ClInclude>
    <ClInclude Include="src\utility\Utility.h">
      <Filter>Header Files</Filter>
    </ClInclude>
    <ClInclude Include="src\build-map\Blocks\BBlock.h">
      <Filter>Header Files</Filter>
    </ClInclude>
    <ClInclude Include="src\build-map\Blocks\Blocks.h">
      <Filter>Header Files</Filter>
    </ClInclude>
    <ClInclude Include="src\build-map\Blocks\BFun.h">
      <Filter>Header Files</Filter>
    </ClInclude>
    <ClInclude Include="src\build-map\Blocks\BCircle.h">
      <Filter>Header Files</Filter>
    </ClInclude>
    <ClInclude Include="src\build-map\Blocks\BBrick.h">
      <Filter>Header Files</Filter>
    </ClInclude>
    <ClInclude Include="src\build-map\Blocks\BWood.h">
      <Filter>Header Files</Filter>
    </ClInclude>
    <ClInclude Include="src\inventory\InventorySystem.h">
      <Filter>Header Files</Filter>
    </ClInclude>
    <ClInclude Include="src\inventory\InventoryItemData.h">
      <Filter>Header Files</Filter>
    </ClInclude>
    <ClInclude Include="src\GUI\UIInventory.h">
      <Filter>Header Files</Filter>
    </ClInclude>
    <ClInclude Include="src\inventory\items\Item_BrickBlock.h">
      <Filter>Header Files</Filter>
    </ClInclude>
    <ClInclude Include="src\inventory\items\Item_Wood.h">
      <Filter>Header Files</Filter>
    </ClInclude>
    <ClInclude Include="src\inventory\items\AAA_PATTERN.h">
      <Filter>Header Files</Filter>
    </ClInclude>
    <ClInclude Include="src\inventory\items\Items.h">
      <Filter>Header Files</Filter>
    </ClInclude>
    <ClInclude Include="src\utility\PoolObject.h">
      <Filter>Header Files</Filter>
    </ClInclude>
  </ItemGroup>
  <ItemGroup>
    <None Include="SDL2.dll" />
    <None Include="SDL2_image.dll" />
    <None Include="SDL2_ttf.dll" />
  </ItemGroup>
</Project>